
Microsoft Visual Studio Solution File, Format Version 12.00
# Visual Studio Version 17
VisualStudioVersion = 17.0.32126.317
MinimumVisualStudioVersion = 10.0.40219.1
Project("{9A19103F-16F7-4668-BE54-9A1E7A4F7556}") = "bloog", "bloog\bloog.csproj", "{2EE5953B-EC47-4DF1-8FB3-0A392481E157}"
EndProject
Project("{9A19103F-16F7-4668-BE54-9A1E7A4F7556}") = "bloog.Models", "bloog.Models\bloog.Models.csproj", "{FE7FCC2A-4629-457E-B7A9-576D91D7454C}"
EndProject
Project("{9A19103F-16F7-4668-BE54-9A1E7A4F7556}") = "bloog.DataAccess", "bloog.DataAccess\bloog.DataAccess.csproj", "{6FEB3F57-4360-46AB-AD66-9DF8C46A4340}"
EndProject
Project("{FAE04EC0-301F-11D3-BF4B-00C04F79EFBC}") = "bulkey.Utility", "bulkey.Utility\bulkey.Utility.csproj", "{BE1D4B56-4DE0-40CD-A172-D126203D41D5}"
EndProject
Global
	GlobalSection(SolutionConfigurationPlatforms) = preSolution
		Debug|Any CPU = Debug|Any CPU
		Release|Any CPU = Release|Any CPU
	EndGlobalSection
	GlobalSection(ProjectConfigurationPlatforms) = postSolution
		{2EE5953B-EC47-4DF1-8FB3-0A392481E157}.Debug|Any CPU.ActiveCfg = Debug|Any CPU
		{2EE5953B-EC47-4DF1-8FB3-0A392481E157}.Debug|Any CPU.Build.0 = Debug|Any CPU
		{2EE5953B-EC47-4DF1-8FB3-0A392481E157}.Release|Any CPU.ActiveCfg = Release|Any CPU
		{2EE5953B-EC47-4DF1-8FB3-0A392481E157}.Release|Any CPU.Build.0 = Release|Any CPU
		{FE7FCC2A-4629-457E-B7A9-576D91D7454C}.Debug|Any CPU.ActiveCfg = Debug|Any CPU
		{FE7FCC2A-4629-457E-B7A9-576D91D7454C}.Debug|Any CPU.Build.0 = Debug|Any CPU
		{FE7FCC2A-4629-457E-B7A9-576D91D7454C}.Release|Any CPU.ActiveCfg = Release|Any CPU
		{FE7FCC2A-4629-457E-B7A9-576D91D7454C}.Release|Any CPU.Build.0 = Release|Any CPU
		{6FEB3F57-4360-46AB-AD66-9DF8C46A4340}.Debug|Any CPU.ActiveCfg = Debug|Any CPU
		{6FEB3F57-4360-46AB-AD66-9DF8C46A4340}.Debug|Any CPU.Build.0 = Debug|Any CPU
		{6FEB3F57-4360-46AB-AD66-9DF8C46A4340}.Release|Any CPU.ActiveCfg = Release|Any CPU
		{6FEB3F57-4360-46AB-AD66-9DF8C46A4340}.Release|Any CPU.Build.0 = Release|Any CPU
		{BE1D4B56-4DE0-40CD-A172-D126203D41D5}.Debug|Any CPU.ActiveCfg = Debug|Any CPU
		{BE1D4B56-4DE0-40CD-A172-D126203D41D5}.Debug|Any CPU.Build.0 = Debug|Any CPU
		{BE1D4B56-4DE0-40CD-A172-D126203D41D5}.Release|Any CPU.ActiveCfg = Release|Any CPU
		{BE1D4B56-4DE0-40CD-A172-D126203D41D5}.Release|Any CPU.Build.0 = Release|Any CPU
	EndGlobalSection
	GlobalSection(SolutionProperties) = preSolution
		HideSolutionNode = FALSE
	EndGlobalSection
	GlobalSection(ExtensibilityGlobals) = postSolution
		SolutionGuid = {022B8B1C-6D88-446E-8D36-82D82BBC96C9}
	EndGlobalSection
EndGlobal
